
Microsoft Visual Studio Solution File, Format Version 12.00
# Visual Studio Version 17
VisualStudioVersion = 17.12.35527.113
MinimumVisualStudioVersion = 10.0.40219.1
Project("{2150E333-8FDC-42A3-9474-1A3956D46DE8}") = "CICD", "CICD", "{AC86937A-6C5A-4EDF-B791-3A40A9F38625}"
	ProjectSection(SolutionItems) = preProject
		.github\actions\advanced_pack\action.yml = .github\actions\advanced_pack\action.yml
		.github\workflows\flow_framework.yml = .github\workflows\flow_framework.yml
	EndProjectSection
EndProject
Project("{FAE04EC0-301F-11D3-BF4B-00C04F79EFBC}") = "LibTest", "LibTest\LibTest.csproj", "{9D9EF52D-04CF-4E66-93FE-48D04B4EF23A}"
EndProject
Global
	GlobalSection(SolutionConfigurationPlatforms) = preSolution
		Debug|Any CPU = Debug|Any CPU
		Release|Any CPU = Release|Any CPU
	EndGlobalSection
	GlobalSection(ProjectConfigurationPlatforms) = postSolution
		{9D9EF52D-04CF-4E66-93FE-48D04B4EF23A}.Debug|Any CPU.ActiveCfg = Debug|Any CPU
		{9D9EF52D-04CF-4E66-93FE-48D04B4EF23A}.Debug|Any CPU.Build.0 = Debug|Any CPU
		{9D9EF52D-04CF-4E66-93FE-48D04B4EF23A}.Release|Any CPU.ActiveCfg = Release|Any CPU
		{9D9EF52D-04CF-4E66-93FE-48D04B4EF23A}.Release|Any CPU.Build.0 = Release|Any CPU
	EndGlobalSection
	GlobalSection(SolutionProperties) = preSolution
		HideSolutionNode = FALSE
	EndGlobalSection
EndGlobal
